# This file is generated by running "yarn install" inside your project.
# Manual changes might be lost - proceed with caution!

__metadata:
  version: 8
  cacheKey: 10c0

"async@npm:^2.6.4":
  version: 2.6.4
  resolution: "async@npm:2.6.4"
  dependencies:
    lodash: "npm:^4.17.14"
  checksum: 10c0/0ebb3273ef96513389520adc88e0d3c45e523d03653cc9b66f5c46f4239444294899bfd13d2b569e7dbfde7da2235c35cf5fd3ece9524f935d41bbe4efccdad0
  languageName: node
  linkType: hard

"call-bind-apply-helpers@npm:^1.0.1":
  version: 1.0.1
  resolution: "call-bind-apply-helpers@npm:1.0.1"
  dependencies:
    es-errors: "npm:^1.3.0"
    function-bind: "npm:^1.1.2"
  checksum: 10c0/acb2ab68bf2718e68a3e895f0d0b73ccc9e45b9b6f210f163512ba76f91dab409eb8792f6dae188356f9095747512a3101646b3dea9d37fb8c7c6bf37796d18c
  languageName: node
  linkType: hard

"call-bound@npm:^1.0.2":
  version: 1.0.3
  resolution: "call-bound@npm:1.0.3"
  dependencies:
    call-bind-apply-helpers: "npm:^1.0.1"
    get-intrinsic: "npm:^1.2.6"
  checksum: 10c0/45257b8e7621067304b30dbd638e856cac913d31e8e00a80d6cf172911acd057846572d0b256b45e652d515db6601e2974a1b1a040e91b4fc36fb3dd86fa69cf
  languageName: node
  linkType: hard

"colors@npm:1.0.3":
  version: 1.0.3
  resolution: "colors@npm:1.0.3"
  checksum: 10c0/f9e40dd8b3e1a65378a7ced3fced15ddfd60aaf38e99a7521a7fdb25056b15e092f651cd0f5aa1e9b04fa8ce3616d094e07fc6c2bb261e24098db1ddd3d09a1d
  languageName: node
  linkType: hard

"corser@npm:~2.0.0":
  version: 2.0.1
  resolution: "corser@npm:2.0.1"
  checksum: 10c0/1f319a752a560342dd22d936e5a4c158bfcbc332524ef5b05a7277236dad8b0b2868fd5cf818559f29954ec4d777d82e797fccd76601fcfe431610e4143c8acc
  languageName: node
  linkType: hard

"debug@npm:^3.2.7":
  version: 3.2.7
  resolution: "debug@npm:3.2.7"
  dependencies:
    ms: "npm:^2.1.1"
  checksum: 10c0/37d96ae42cbc71c14844d2ae3ba55adf462ec89fd3a999459dec3833944cd999af6007ff29c780f1c61153bcaaf2c842d1e4ce1ec621e4fc4923244942e4a02a
  languageName: node
  linkType: hard

"dunder-proto@npm:^1.0.0":
  version: 1.0.1
  resolution: "dunder-proto@npm:1.0.1"
  dependencies:
    call-bind-apply-helpers: "npm:^1.0.1"
    es-errors: "npm:^1.3.0"
    gopd: "npm:^1.2.0"
  checksum: 10c0/199f2a0c1c16593ca0a145dbf76a962f8033ce3129f01284d48c45ed4e14fea9bbacd7b3610b6cdc33486cef20385ac054948fefc6272fcce645c09468f93031
  languageName: node
  linkType: hard

"ecstatic@npm:^3.0.0":
  version: 3.3.2
  resolution: "ecstatic@npm:3.3.2"
  dependencies:
    he: "npm:^1.1.1"
    mime: "npm:^1.6.0"
    minimist: "npm:^1.1.0"
    url-join: "npm:^2.0.5"
  bin:
    ecstatic: ./lib/ecstatic.js
  checksum: 10c0/e94ca9331c5035d7d553a5f15ed40c47ed62a723a49aec6011628952f7cc9a24005bf737a0256e0c65f8a305fb99889fefbe9e5bc4760bd2cbe611f516b849ef
  languageName: node
  linkType: hard

"es-define-property@npm:^1.0.1":
  version: 1.0.1
  resolution: "es-define-property@npm:1.0.1"
  checksum: 10c0/3f54eb49c16c18707949ff25a1456728c883e81259f045003499efba399c08bad00deebf65cccde8c0e07908c1a225c9d472b7107e558f2a48e28d530e34527c
  languageName: node
  linkType: hard

"es-errors@npm:^1.3.0":
  version: 1.3.0
  resolution: "es-errors@npm:1.3.0"
  checksum: 10c0/0a61325670072f98d8ae3b914edab3559b6caa980f08054a3b872052640d91da01d38df55df797fcc916389d77fc92b8d5906cf028f4db46d7e3003abecbca85
  languageName: node
  linkType: hard

"es-object-atoms@npm:^1.0.0":
  version: 1.0.0
  resolution: "es-object-atoms@npm:1.0.0"
  dependencies:
    es-errors: "npm:^1.3.0"
  checksum: 10c0/1fed3d102eb27ab8d983337bb7c8b159dd2a1e63ff833ec54eea1311c96d5b08223b433060ba240541ca8adba9eee6b0a60cdbf2f80634b784febc9cc8b687b4
  languageName: node
  linkType: hard

"eventemitter3@npm:^4.0.0":
  version: 4.0.7
  resolution: "eventemitter3@npm:4.0.7"
  checksum: 10c0/5f6d97cbcbac47be798e6355e3a7639a84ee1f7d9b199a07017f1d2f1e2fe236004d14fa5dfaeba661f94ea57805385e326236a6debbc7145c8877fbc0297c6b
  languageName: node
  linkType: hard

"follow-redirects@npm:^1.0.0":
  version: 1.15.9
  resolution: "follow-redirects@npm:1.15.9"
  peerDependenciesMeta:
    debug:
      optional: true
  checksum: 10c0/5829165bd112c3c0e82be6c15b1a58fa9dcfaede3b3c54697a82fe4a62dd5ae5e8222956b448d2f98e331525f05d00404aba7d696de9e761ef6e42fdc780244f
  languageName: node
  linkType: hard

"function-bind@npm:^1.1.2":
  version: 1.1.2
  resolution: "function-bind@npm:1.1.2"
  checksum: 10c0/d8680ee1e5fcd4c197e4ac33b2b4dce03c71f4d91717292785703db200f5c21f977c568d28061226f9b5900cbcd2c84463646134fd5337e7925e0942bc3f46d5
  languageName: node
  linkType: hard

"get-intrinsic@npm:^1.2.5, get-intrinsic@npm:^1.2.6":
  version: 1.2.6
  resolution: "get-intrinsic@npm:1.2.6"
  dependencies:
    call-bind-apply-helpers: "npm:^1.0.1"
    dunder-proto: "npm:^1.0.0"
    es-define-property: "npm:^1.0.1"
    es-errors: "npm:^1.3.0"
    es-object-atoms: "npm:^1.0.0"
    function-bind: "npm:^1.1.2"
    gopd: "npm:^1.2.0"
    has-symbols: "npm:^1.1.0"
    hasown: "npm:^2.0.2"
    math-intrinsics: "npm:^1.0.0"
  checksum: 10c0/0f1ea6d807d97d074e8a31ac698213a12757fcfa9a8f4778263d2e4702c40fe83198aadd3dba2e99aabc2e4cf8a38345545dbb0518297d3df8b00b56a156c32a
  languageName: node
  linkType: hard

"gif.js.optimized@npm:^1.0.1":
  version: 1.0.1
  resolution: "gif.js.optimized@npm:1.0.1"
  checksum: 10c0/93c80bfb271e728fbb032c05fb1e40d9b8407aab6f8b23cc2f483f9c7d429f736654e92614e05fd8245238c714c51717a1eaad815ca4339d609d91b586c4d3e8
  languageName: node
  linkType: hard

"gopd@npm:^1.2.0":
  version: 1.2.0
  resolution: "gopd@npm:1.2.0"
  checksum: 10c0/50fff1e04ba2b7737c097358534eacadad1e68d24cccee3272e04e007bed008e68d2614f3987788428fd192a5ae3889d08fb2331417e4fc4a9ab366b2043cead
  languageName: node
  linkType: hard

"has-symbols@npm:^1.1.0":
  version: 1.1.0
  resolution: "has-symbols@npm:1.1.0"
  checksum: 10c0/dde0a734b17ae51e84b10986e651c664379018d10b91b6b0e9b293eddb32f0f069688c841fb40f19e9611546130153e0a2a48fd7f512891fb000ddfa36f5a20e
  languageName: node
  linkType: hard

"hasown@npm:^2.0.2":
  version: 2.0.2
  resolution: "hasown@npm:2.0.2"
  dependencies:
    function-bind: "npm:^1.1.2"
  checksum: 10c0/3769d434703b8ac66b209a4cca0737519925bbdb61dd887f93a16372b14694c63ff4e797686d87c90f08168e81082248b9b028bad60d4da9e0d1148766f56eb9
  languageName: node
  linkType: hard

"he@npm:^1.1.1":
  version: 1.2.0
  resolution: "he@npm:1.2.0"
  bin:
    he: bin/he
  checksum: 10c0/a27d478befe3c8192f006cdd0639a66798979dfa6e2125c6ac582a19a5ebfec62ad83e8382e6036170d873f46e4536a7e795bf8b95bf7c247f4cc0825ccc8c17
  languageName: node
  linkType: hard

"http-proxy@npm:^1.8.1":
  version: 1.18.1
  resolution: "http-proxy@npm:1.18.1"
  dependencies:
    eventemitter3: "npm:^4.0.0"
    follow-redirects: "npm:^1.0.0"
    requires-port: "npm:^1.0.0"
  checksum: 10c0/148dfa700a03fb421e383aaaf88ac1d94521dfc34072f6c59770528c65250983c2e4ec996f2f03aa9f3fe46cd1270a593126068319311e3e8d9e610a37533e94
  languageName: node
  linkType: hard

"http-server@npm:^0.11.1":
  version: 0.11.2
  resolution: "http-server@npm:0.11.2"
  dependencies:
    colors: "npm:1.0.3"
    corser: "npm:~2.0.0"
    ecstatic: "npm:^3.0.0"
    http-proxy: "npm:^1.8.1"
    opener: "npm:~1.4.0"
    optimist: "npm:0.6.x"
    portfinder: "npm:^1.0.13"
    union: "npm:^0.5.0"
  bin:
    hs: bin/http-server
    http-server: bin/http-server
  checksum: 10c0/3aa074938c504425c313bc983a5891c7e319cf33a35b6f11e2b8645075ac3eea8c865bb56f20fe5e1250a1ad29c7d339f6b7e827c1649055bb189a237f498fdd
  languageName: node
  linkType: hard

"lodash@npm:^4.17.14":
  version: 4.17.21
  resolution: "lodash@npm:4.17.21"
  checksum: 10c0/d8cbea072bb08655bb4c989da418994b073a608dffa608b09ac04b43a791b12aeae7cd7ad919aa4c925f33b48490b5cfe6c1f71d827956071dae2e7bb3a6b74c
  languageName: node
  linkType: hard

"math-intrinsics@npm:^1.0.0":
  version: 1.1.0
  resolution: "math-intrinsics@npm:1.1.0"
  checksum: 10c0/7579ff94e899e2f76ab64491d76cf606274c874d8f2af4a442c016bd85688927fcfca157ba6bf74b08e9439dc010b248ce05b96cc7c126a354c3bae7fcb48b7f
  languageName: node
  linkType: hard

"mime@npm:^1.6.0":
  version: 1.6.0
  resolution: "mime@npm:1.6.0"
  bin:
    mime: cli.js
  checksum: 10c0/b92cd0adc44888c7135a185bfd0dddc42c32606401c72896a842ae15da71eb88858f17669af41e498b463cd7eb998f7b48939a25b08374c7924a9c8a6f8a81b0
  languageName: node
  linkType: hard

"minimist@npm:^1.1.0, minimist@npm:^1.2.6":
  version: 1.2.8
  resolution: "minimist@npm:1.2.8"
  checksum: 10c0/19d3fcdca050087b84c2029841a093691a91259a47def2f18222f41e7645a0b7c44ef4b40e88a1e58a40c84d2ef0ee6047c55594d298146d0eb3f6b737c20ce6
  languageName: node
  linkType: hard

"minimist@npm:~0.0.1":
  version: 0.0.10
  resolution: "minimist@npm:0.0.10"
  checksum: 10c0/c505a020144b6e49f2b1c7d1e378f3692b7102e989b4a49338fc171eb4229ddddb430e779ff803dcb11854050e3fe3c2298962a7d73c20df7c2044c92b2ba1da
  languageName: node
  linkType: hard

"mkdirp@npm:^0.5.6":
  version: 0.5.6
  resolution: "mkdirp@npm:0.5.6"
  dependencies:
    minimist: "npm:^1.2.6"
  bin:
    mkdirp: bin/cmd.js
  checksum: 10c0/e2e2be789218807b58abced04e7b49851d9e46e88a2f9539242cc8a92c9b5c3a0b9bab360bd3014e02a140fc4fbc58e31176c408b493f8a2a6f4986bd7527b01
  languageName: node
  linkType: hard

"ms@npm:^2.1.1":
  version: 2.1.3
  resolution: "ms@npm:2.1.3"
  checksum: 10c0/d924b57e7312b3b63ad21fc5b3dc0af5e78d61a1fc7cfb5457edaf26326bf62be5307cc87ffb6862ef1c2b33b0233cdb5d4f01c4c958cc0d660948b65a287a48
  languageName: node
  linkType: hard

"object-inspect@npm:^1.13.3":
  version: 1.13.3
  resolution: "object-inspect@npm:1.13.3"
  checksum: 10c0/cc3f15213406be89ffdc54b525e115156086796a515410a8d390215915db9f23c8eab485a06f1297402f440a33715fe8f71a528c1dcbad6e1a3bcaf5a46921d4
  languageName: node
  linkType: hard

"opener@npm:~1.4.0":
  version: 1.4.3
  resolution: "opener@npm:1.4.3"
  bin:
    opener: opener.js
  checksum: 10c0/7d788c86b3356438926aa8c0c31307b6b2689ddfc6ddaf3bf5e70f541f04bd0c636076e22801e2f855f3e7127b84f16a6178377b8af4a94f745916cf152fc27e
  languageName: node
  linkType: hard

"optimist@npm:0.6.x":
  version: 0.6.1
  resolution: "optimist@npm:0.6.1"
  dependencies:
    minimist: "npm:~0.0.1"
    wordwrap: "npm:~0.0.2"
  checksum: 10c0/8cb417328121e732dbfb4d94d53bb39b1406446b55323ed4ce787decc52394927e051ba879eb3ffa3171fe22a35ce13b460114b60effcead77443ee87c2f9b0f
  languageName: node
  linkType: hard

"portfinder@npm:^1.0.13":
  version: 1.0.32
  resolution: "portfinder@npm:1.0.32"
  dependencies:
    async: "npm:^2.6.4"
    debug: "npm:^3.2.7"
    mkdirp: "npm:^0.5.6"
  checksum: 10c0/cef8b567b78aabccc59fe8e103bac8b394bb45a6a69be626608f099f454124c775aaf47b274c006332c07ab3f501cde55e49aaeb9d49d78d90362d776a565cbf
  languageName: node
  linkType: hard

"qs@npm:^6.4.0":
  version: 6.13.1
  resolution: "qs@npm:6.13.1"
  dependencies:
    side-channel: "npm:^1.0.6"
  checksum: 10c0/5ef527c0d62ffca5501322f0832d800ddc78eeb00da3b906f1b260ca0492721f8cdc13ee4b8fd8ac314a6ec37b948798c7b603ccc167e954088df392092f160c
  languageName: node
  linkType: hard

"requires-port@npm:^1.0.0":
  version: 1.0.0
  resolution: "requires-port@npm:1.0.0"
  checksum: 10c0/b2bfdd09db16c082c4326e573a82c0771daaf7b53b9ce8ad60ea46aa6e30aaf475fe9b164800b89f93b748d2c234d8abff945d2551ba47bf5698e04cd7713267
  languageName: node
  linkType: hard

"root-workspace-0b6124@workspace:.":
  version: 0.0.0-use.local
  resolution: "root-workspace-0b6124@workspace:."
  dependencies:
    gif.js.optimized: "npm:^1.0.1"
    http-server: "npm:^0.11.1"
  languageName: unknown
  linkType: soft

"side-channel-list@npm:^1.0.0":
  version: 1.0.0
  resolution: "side-channel-list@npm:1.0.0"
  dependencies:
    es-errors: "npm:^1.3.0"
    object-inspect: "npm:^1.13.3"
  checksum: 10c0/644f4ac893456c9490ff388bf78aea9d333d5e5bfc64cfb84be8f04bf31ddc111a8d4b83b85d7e7e8a7b845bc185a9ad02c052d20e086983cf59f0be517d9b3d
  languageName: node
  linkType: hard

"side-channel-map@npm:^1.0.1":
  version: 1.0.1
  resolution: "side-channel-map@npm:1.0.1"
  dependencies:
    call-bound: "npm:^1.0.2"
    es-errors: "npm:^1.3.0"
    get-intrinsic: "npm:^1.2.5"
    object-inspect: "npm:^1.13.3"
  checksum: 10c0/010584e6444dd8a20b85bc926d934424bd809e1a3af941cace229f7fdcb751aada0fb7164f60c2e22292b7fa3c0ff0bce237081fd4cdbc80de1dc68e95430672
  languageName: node
  linkType: hard

"side-channel-weakmap@npm:^1.0.2":
  version: 1.0.2
  resolution: "side-channel-weakmap@npm:1.0.2"
  dependencies:
    call-bound: "npm:^1.0.2"
    es-errors: "npm:^1.3.0"
    get-intrinsic: "npm:^1.2.5"
    object-inspect: "npm:^1.13.3"
    side-channel-map: "npm:^1.0.1"
  checksum: 10c0/71362709ac233e08807ccd980101c3e2d7efe849edc51455030327b059f6c4d292c237f94dc0685031dd11c07dd17a68afde235d6cf2102d949567f98ab58185
  languageName: node
  linkType: hard

"side-channel@npm:^1.0.6":
  version: 1.1.0
  resolution: "side-channel@npm:1.1.0"
  dependencies:
    es-errors: "npm:^1.3.0"
    object-inspect: "npm:^1.13.3"
    side-channel-list: "npm:^1.0.0"
    side-channel-map: "npm:^1.0.1"
    side-channel-weakmap: "npm:^1.0.2"
  checksum: 10c0/cb20dad41eb032e6c24c0982e1e5a24963a28aa6122b4f05b3f3d6bf8ae7fd5474ef382c8f54a6a3ab86e0cac4d41a23bd64ede3970e5bfb50326ba02a7996e6
  languageName: node
  linkType: hard

"union@npm:^0.5.0":
  version: 0.5.0
  resolution: "union@npm:0.5.0"
  dependencies:
    qs: "npm:^6.4.0"
  checksum: 10c0/9ac158d99991063180e56f408f5991e808fa07594713439c098116da09215c154672ee8c832e16a6b39b037609c08bcaff8ff07c1e3e46c3cc622897972af2aa
  languageName: node
  linkType: hard

"url-join@npm:^2.0.5":
  version: 2.0.5
  resolution: "url-join@npm:2.0.5"
  checksum: 10c0/4551af5942417c98db5eb43d1eaae65686ddcb7b9374241e93eea2b74e9b7f069c8eb0eac405eea9db496e2a79d73a805e0b85d7ab0b6238d6d771cd926c0dde
  languageName: node
  linkType: hard

"wordwrap@npm:~0.0.2":
  version: 0.0.3
  resolution: "wordwrap@npm:0.0.3"
  checksum: 10c0/b3b212f8b2167091f59bc60929ada2166eb157abb6c8c82e2a705fe5aa5876440c3966ab39eb6c7bcb2ff0ac0c8d9fba726a9c2057b83bd65cdc1858f9d816ce
  languageName: node
  linkType: hard
