# This file is generated by running "yarn install" inside your project.
# Manual changes might be lost - proceed with caution!

__metadata:
  version: 8
  cacheKey: 10c0

"async@npm:^1.5.2":
  version: 1.5.2
  resolution: "async@npm:1.5.2"
  checksum: 10c0/9ee84592c393aad1047d1223004317ecc65a9a3f76101e0f4614a0818eac962e666510353400a3c9ea158df540579a293f486f3578e918c5e90a0f5ed52e8aea
  languageName: node
  linkType: hard

"colors@npm:1.0.3":
  version: 1.0.3
  resolution: "colors@npm:1.0.3"
  checksum: 10c0/f9e40dd8b3e1a65378a7ced3fced15ddfd60aaf38e99a7521a7fdb25056b15e092f651cd0f5aa1e9b04fa8ce3616d094e07fc6c2bb261e24098db1ddd3d09a1d
  languageName: node
  linkType: hard

"corser@npm:~2.0.0":
  version: 2.0.1
  resolution: "corser@npm:2.0.1"
  checksum: 10c0/1f319a752a560342dd22d936e5a4c158bfcbc332524ef5b05a7277236dad8b0b2868fd5cf818559f29954ec4d777d82e797fccd76601fcfe431610e4143c8acc
  languageName: node
  linkType: hard

"debug@npm:^2.2.0":
  version: 2.6.9
  resolution: "debug@npm:2.6.9"
  dependencies:
    ms: "npm:2.0.0"
  checksum: 10c0/121908fb839f7801180b69a7e218a40b5a0b718813b886b7d6bdb82001b931c938e2941d1e4450f33a1b1df1da653f5f7a0440c197f29fbf8a6e9d45ff6ef589
  languageName: node
  linkType: hard

"debug@npm:^3.2.6":
  version: 3.2.6
  resolution: "debug@npm:3.2.6"
  dependencies:
    ms: "npm:^2.1.1"
  checksum: 10c0/406ae034424c5570c83bb7f7baf6a2321ace5b94d6f0032ec796c686e277a55bbb575712bb9e6f204e044b1a8c31981ba97fab725a09fcdc7f85cd89daf4de30
  languageName: node
  linkType: hard

"ecstatic@npm:^3.0.0":
  version: 3.3.1
  resolution: "ecstatic@npm:3.3.1"
  dependencies:
    he: "npm:^1.1.1"
    mime: "npm:^1.6.0"
    minimist: "npm:^1.1.0"
    url-join: "npm:^2.0.5"
  bin:
    ecstatic: ./lib/ecstatic.js
  checksum: 10c0/87bf5f907e856f5617606ddf27d4af87c3994768c7e38ed8a7d974cff558e868df9a73756d4fa4c842c662d38dfdbdc0b7a6de66cb69aeb6c446556193fcd277
  languageName: node
  linkType: hard

"eventemitter3@npm:^3.0.0":
  version: 3.1.1
  resolution: "eventemitter3@npm:3.1.1"
  checksum: 10c0/1ede4a3fa7b6e9d670f9bc20d0bc9d1a28e9c5cb6a6170420baebb3990a9e9cc682fdd8db631e66a84c64bd96feb1667015217b3dc93dd7625b2aae4d0ddbe98
  languageName: node
  linkType: hard

"follow-redirects@npm:^1.0.0":
  version: 1.7.0
  resolution: "follow-redirects@npm:1.7.0"
  dependencies:
    debug: "npm:^3.2.6"
  checksum: 10c0/7b557ef5d7c7caacf925925f1ddbb92ddead0f08e5f8556abe67a286ef1dbf92d40d6ca80b7a240073c4c6a5c89e28496bd158f678030c909ebeba758c1f658b
  languageName: node
  linkType: hard

"gif.js.optimized@npm:^1.0.1":
  version: 1.0.1
  resolution: "gif.js.optimized@npm:1.0.1"
  checksum: 10c0/93c80bfb271e728fbb032c05fb1e40d9b8407aab6f8b23cc2f483f9c7d429f736654e92614e05fd8245238c714c51717a1eaad815ca4339d609d91b586c4d3e8
  languageName: node
  linkType: hard

"he@npm:^1.1.1":
  version: 1.2.0
  resolution: "he@npm:1.2.0"
  bin:
    he: bin/he
  checksum: 10c0/a27d478befe3c8192f006cdd0639a66798979dfa6e2125c6ac582a19a5ebfec62ad83e8382e6036170d873f46e4536a7e795bf8b95bf7c247f4cc0825ccc8c17
  languageName: node
  linkType: hard

"http-proxy@npm:^1.8.1":
  version: 1.17.0
  resolution: "http-proxy@npm:1.17.0"
  dependencies:
    eventemitter3: "npm:^3.0.0"
    follow-redirects: "npm:^1.0.0"
    requires-port: "npm:^1.0.0"
  checksum: 10c0/135eba16c7e50ce71993826e7dc30240c391b2f9a9d762a8fdde63487147a2f20c5d2aae3f7e95e00a7d11ad176db6bb915f61d94e2e5091c9e1bcf9bab9e061
  languageName: node
  linkType: hard

"http-server@npm:^0.11.1":
  version: 0.11.1
  resolution: "http-server@npm:0.11.1"
  dependencies:
    colors: "npm:1.0.3"
    corser: "npm:~2.0.0"
    ecstatic: "npm:^3.0.0"
    http-proxy: "npm:^1.8.1"
    opener: "npm:~1.4.0"
    optimist: "npm:0.6.x"
    portfinder: "npm:^1.0.13"
    union: "npm:~0.4.3"
  bin:
    hs: ./bin/http-server
    http-server: ./bin/http-server
  checksum: 10c0/66dae8653f8ccaccf68a7d997436e36ffddbc132ad12733f8571b58f7b8724cdb4033a2f1bde75bbf444ca3fbdc56c946359d8f9db10a4c8659afd1c56a3fd13
  languageName: node
  linkType: hard

"mime@npm:^1.6.0":
  version: 1.6.0
  resolution: "mime@npm:1.6.0"
  bin:
    mime: cli.js
  checksum: 10c0/b92cd0adc44888c7135a185bfd0dddc42c32606401c72896a842ae15da71eb88858f17669af41e498b463cd7eb998f7b48939a25b08374c7924a9c8a6f8a81b0
  languageName: node
  linkType: hard

"minimist@npm:0.0.8":
  version: 0.0.8
  resolution: "minimist@npm:0.0.8"
  checksum: 10c0/d0a998c3042922dbcd5f23566b52811d6977649ad089fd75dd89e8a9bff27634194900818b2dfb1b873f204edb902d0c8cdea9cb8dca8488b301f69bd522d5dc
  languageName: node
  linkType: hard

"minimist@npm:^1.1.0":
  version: 1.2.0
  resolution: "minimist@npm:1.2.0"
  checksum: 10c0/0c9e882a4d31d217e12223a2881a2cc76a4659c20893c82c92b9355bace60b4a4d52d5fb412755212674765c4dd471e19de85458a400029fdd5d96cb18054aee
  languageName: node
  linkType: hard

"minimist@npm:~0.0.1":
  version: 0.0.10
  resolution: "minimist@npm:0.0.10"
  checksum: 10c0/c505a020144b6e49f2b1c7d1e378f3692b7102e989b4a49338fc171eb4229ddddb430e779ff803dcb11854050e3fe3c2298962a7d73c20df7c2044c92b2ba1da
  languageName: node
  linkType: hard

"mkdirp@npm:0.5.x":
  version: 0.5.1
  resolution: "mkdirp@npm:0.5.1"
  dependencies:
    minimist: "npm:0.0.8"
  bin:
    mkdirp: bin/cmd.js
  checksum: 10c0/e5ff572d761240a06dbfc69e1ea303d5482815a1f66033b999bd9d78583fcdc9ef63e99e61d396bbd57eca45b388af80a7f7f35f63510619c991c9d44c75341c
  languageName: node
  linkType: hard

"ms@npm:2.0.0":
  version: 2.0.0
  resolution: "ms@npm:2.0.0"
  checksum: 10c0/f8fda810b39fd7255bbdc451c46286e549794fcc700dc9cd1d25658bbc4dc2563a5de6fe7c60f798a16a60c6ceb53f033cb353f493f0cf63e5199b702943159d
  languageName: node
  linkType: hard

"ms@npm:^2.1.1":
  version: 2.1.1
  resolution: "ms@npm:2.1.1"
  checksum: 10c0/056140c631e740369fa21142417aba1bd629ab912334715216c666eb681c8f015c622dd4e38bc1d836b30852b05641331661703af13a0397eb0ca420fc1e75d9
  languageName: node
  linkType: hard

"opener@npm:~1.4.0":
  version: 1.4.3
  resolution: "opener@npm:1.4.3"
  bin:
    opener: opener.js
  checksum: 10c0/7d788c86b3356438926aa8c0c31307b6b2689ddfc6ddaf3bf5e70f541f04bd0c636076e22801e2f855f3e7127b84f16a6178377b8af4a94f745916cf152fc27e
  languageName: node
  linkType: hard

"optimist@npm:0.6.x":
  version: 0.6.1
  resolution: "optimist@npm:0.6.1"
  dependencies:
    minimist: "npm:~0.0.1"
    wordwrap: "npm:~0.0.2"
  checksum: 10c0/8cb417328121e732dbfb4d94d53bb39b1406446b55323ed4ce787decc52394927e051ba879eb3ffa3171fe22a35ce13b460114b60effcead77443ee87c2f9b0f
  languageName: node
  linkType: hard

"portfinder@npm:^1.0.13":
  version: 1.0.20
  resolution: "portfinder@npm:1.0.20"
  dependencies:
    async: "npm:^1.5.2"
    debug: "npm:^2.2.0"
    mkdirp: "npm:0.5.x"
  checksum: 10c0/9f072882c3caf56135698d1f1cc2573f49c1a93d2eaf0c3d24b2bf128442de36ce37e38d5ad0071152046de8588f9c63dd0bcba74bd64a35ac14b53d030a8317
  languageName: node
  linkType: hard

"qs@npm:~2.3.3":
  version: 2.3.3
  resolution: "qs@npm:2.3.3"
  checksum: 10c0/4c02f03f77e50219799f52608dd72f57389ea364be499f5e8b02d505377cb93f6414239e00b3a7342b0d05a730ad85b3ffb5e7f0a5ba2f3d8ef7303283c01e17
  languageName: node
  linkType: hard

"requires-port@npm:^1.0.0":
  version: 1.0.0
  resolution: "requires-port@npm:1.0.0"
  checksum: 10c0/b2bfdd09db16c082c4326e573a82c0771daaf7b53b9ce8ad60ea46aa6e30aaf475fe9b164800b89f93b748d2c234d8abff945d2551ba47bf5698e04cd7713267
  languageName: node
  linkType: hard

"root-workspace-0b6124@workspace:.":
  version: 0.0.0-use.local
  resolution: "root-workspace-0b6124@workspace:."
  dependencies:
    gif.js.optimized: "npm:^1.0.1"
    http-server: "npm:^0.11.1"
  languageName: unknown
  linkType: soft

"union@npm:~0.4.3":
  version: 0.4.6
  resolution: "union@npm:0.4.6"
  dependencies:
    qs: "npm:~2.3.3"
  checksum: 10c0/70eaa7b699052c91d94b1faa2da1218816ff882f6fd4e3e4fba497d7c0ea840b9d845889391480158fdb7c408fdb372231c59b5172664670952deaa8b741bc50
  languageName: node
  linkType: hard

"url-join@npm:^2.0.5":
  version: 2.0.5
  resolution: "url-join@npm:2.0.5"
  checksum: 10c0/4551af5942417c98db5eb43d1eaae65686ddcb7b9374241e93eea2b74e9b7f069c8eb0eac405eea9db496e2a79d73a805e0b85d7ab0b6238d6d771cd926c0dde
  languageName: node
  linkType: hard

"wordwrap@npm:~0.0.2":
  version: 0.0.3
  resolution: "wordwrap@npm:0.0.3"
  checksum: 10c0/b3b212f8b2167091f59bc60929ada2166eb157abb6c8c82e2a705fe5aa5876440c3966ab39eb6c7bcb2ff0ac0c8d9fba726a9c2057b83bd65cdc1858f9d816ce
  languageName: node
  linkType: hard
